
Microsoft Visual Studio Solution File, Format Version 12.00
# Visual Studio Version 17
VisualStudioVersion = 17.13.35919.96 d17.13
MinimumVisualStudioVersion = 10.0.40219.1
Project("{FAE04EC0-301F-11D3-BF4B-00C04F79EFBC}") = "TasksForModul5", "TasksForModul5\TasksForModul5.csproj", "{FD03D93C-E64A-49F4-9713-025E218A612A}"
EndProject
Global
	GlobalSection(SolutionConfigurationPlatforms) = preSolution
		Debug|Any CPU = Debug|Any CPU
		Release|Any CPU = Release|Any CPU
	EndGlobalSection
	GlobalSection(ProjectConfigurationPlatforms) = postSolution
		{FD03D93C-E64A-49F4-9713-025E218A612A}.Debug|Any CPU.ActiveCfg = Debug|Any CPU
		{FD03D93C-E64A-49F4-9713-025E218A612A}.Debug|Any CPU.Build.0 = Debug|Any CPU
		{FD03D93C-E64A-49F4-9713-025E218A612A}.Release|Any CPU.ActiveCfg = Release|Any CPU
		{FD03D93C-E64A-49F4-9713-025E218A612A}.Release|Any CPU.Build.0 = Release|Any CPU
	EndGlobalSection
	GlobalSection(SolutionProperties) = preSolution
		HideSolutionNode = FALSE
	EndGlobalSection
	GlobalSection(ExtensibilityGlobals) = postSolution
		SolutionGuid = {EAC84B26-9146-4833-A20F-16AA43F705A3}
	EndGlobalSection
EndGlobal
